
Microsoft Visual Studio Solution File, Format Version 12.00
# Visual Studio Version 16
VisualStudioVersion = 16.0.31702.278
MinimumVisualStudioVersion = 10.0.40219.1
Project("{FAE04EC0-301F-11D3-BF4B-00C04F79EFBC}") = "DotNet.Ranking.Bacen.Test", "DotNet.Ranking.Bacen.Test\DotNet.Ranking.Bacen.Test.csproj", "{4AF7B8AC-F031-488C-8515-F981F97A0B17}"
EndProject
Project("{FAE04EC0-301F-11D3-BF4B-00C04F79EFBC}") = "DotNet.Ranking.Bacen", "DotNet.Ranking.Bacen\DotNet.Ranking.Bacen.csproj", "{6C345090-A0C1-4AFD-8F5E-594CEA9D34C5}"
EndProject
Project("{2150E333-8FDC-42A3-9474-1A3956D46DE8}") = "src", "src", "{E4EEA4C4-EF12-432B-A116-98244E6115A4}"
EndProject
Project("{2150E333-8FDC-42A3-9474-1A3956D46DE8}") = "tests", "tests", "{ADC72250-C109-4635-A67A-2D3F3310DEC9}"
EndProject
Global
	GlobalSection(SolutionConfigurationPlatforms) = preSolution
		Debug|Any CPU = Debug|Any CPU
		Release|Any CPU = Release|Any CPU
	EndGlobalSection
	GlobalSection(ProjectConfigurationPlatforms) = postSolution
		{4AF7B8AC-F031-488C-8515-F981F97A0B17}.Debug|Any CPU.ActiveCfg = Debug|Any CPU
		{4AF7B8AC-F031-488C-8515-F981F97A0B17}.Debug|Any CPU.Build.0 = Debug|Any CPU
		{4AF7B8AC-F031-488C-8515-F981F97A0B17}.Release|Any CPU.ActiveCfg = Release|Any CPU
		{4AF7B8AC-F031-488C-8515-F981F97A0B17}.Release|Any CPU.Build.0 = Release|Any CPU
		{6C345090-A0C1-4AFD-8F5E-594CEA9D34C5}.Debug|Any CPU.ActiveCfg = Debug|Any CPU
		{6C345090-A0C1-4AFD-8F5E-594CEA9D34C5}.Debug|Any CPU.Build.0 = Debug|Any CPU
		{6C345090-A0C1-4AFD-8F5E-594CEA9D34C5}.Release|Any CPU.ActiveCfg = Release|Any CPU
		{6C345090-A0C1-4AFD-8F5E-594CEA9D34C5}.Release|Any CPU.Build.0 = Release|Any CPU
	EndGlobalSection
	GlobalSection(SolutionProperties) = preSolution
		HideSolutionNode = FALSE
	EndGlobalSection
	GlobalSection(NestedProjects) = preSolution
		{4AF7B8AC-F031-488C-8515-F981F97A0B17} = {ADC72250-C109-4635-A67A-2D3F3310DEC9}
		{6C345090-A0C1-4AFD-8F5E-594CEA9D34C5} = {E4EEA4C4-EF12-432B-A116-98244E6115A4}
	EndGlobalSection
	GlobalSection(ExtensibilityGlobals) = postSolution
		SolutionGuid = {9B911429-C7D8-4E1A-AA31-641B071B42A1}
	EndGlobalSection
EndGlobal
